// !$*UTF8*$!
{
	archiveVersion = 1;
	classes = {
	};
	objectVersion = 56;
	objects = {

/* Begin PBXBuildFile section */
		D86EB0AE2C50D9A900B72CE0 /* PlaygroundApp.swift in Sources */ = {isa = PBXBuildFile; fileRef = D86EB0AD2C50D9A900B72CE0 /* PlaygroundApp.swift */; };
		D86EB0B02C50D9A900B72CE0 /* ContentView.swift in Sources */ = {isa = PBXBuildFile; fileRef = D86EB0AF2C50D9A900B72CE0 /* ContentView.swift */; };
		D86EB0B22C50D9AB00B72CE0 /* Assets.xcassets in Resources */ = {isa = PBXBuildFile; fileRef = D86EB0B12C50D9AB00B72CE0 /* Assets.xcassets */; };
		D86EB0B52C50D9AB00B72CE0 /* Preview Assets.xcassets in Resources */ = {isa = PBXBuildFile; fileRef = D86EB0B42C50D9AB00B72CE0 /* Preview Assets.xcassets */; };
		D86EB0BF2C50D9AB00B72CE0 /* PlaygroundTests.swift in Sources */ = {isa = PBXBuildFile; fileRef = D86EB0BE2C50D9AB00B72CE0 /* PlaygroundTests.swift */; };
		D86EB0C92C50D9AB00B72CE0 /* PlaygroundUITests.swift in Sources */ = {isa = PBXBuildFile; fileRef = D86EB0C82C50D9AB00B72CE0 /* PlaygroundUITests.swift */; };
		D86EB0CB2C50D9AB00B72CE0 /* PlaygroundUITestsLaunchTests.swift in Sources */ = {isa = PBXBuildFile; fileRef = D86EB0CA2C50D9AB00B72CE0 /* PlaygroundUITestsLaunchTests.swift */; };
		D86EB0D92C50D9E200B72CE0 /* SwiftUIX in Frameworks */ = {isa = PBXBuildFile; productRef = D86EB0D82C50D9E200B72CE0 /* SwiftUIX */; };
		D86EB0DB2C50E72D00B72CE0 /* ScrollViewDemo.swift in Sources */ = {isa = PBXBuildFile; fileRef = D86EB0DA2C50E72D00B72CE0 /* ScrollViewDemo.swift */; };
		D86EB0DD2C50EB1800B72CE0 /* PhotosPickerDemo.swift in Sources */ = {isa = PBXBuildFile; fileRef = D86EB0DC2C50EB1800B72CE0 /* PhotosPickerDemo.swift */; };
		D86EB0DF2C50FCCE00B72CE0 /* ScrollPositionDemo.swift in Sources */ = {isa = PBXBuildFile; fileRef = D86EB0DE2C50FCCE00B72CE0 /* ScrollPositionDemo.swift */; };
		D86EB0E12C50FE9800B72CE0 /* SectorMarkDemo.swift in Sources */ = {isa = PBXBuildFile; fileRef = D86EB0E02C50FE9800B72CE0 /* SectorMarkDemo.swift */; };
		D86EB0E32C51089100B72CE0 /* TabViewDemo.swift in Sources */ = {isa = PBXBuildFile; fileRef = D86EB0E22C51089100B72CE0 /* TabViewDemo.swift */; };
/* End PBXBuildFile section */

/* Begin PBXContainerItemProxy section */
		D86EB0BB2C50D9AB00B72CE0 /* PBXContainerItemProxy */ = {
			isa = PBXContainerItemProxy;
			containerPortal = D86EB0A22C50D9A900B72CE0 /* Project object */;
			proxyType = 1;
			remoteGlobalIDString = D86EB0A92C50D9A900B72CE0;
			remoteInfo = Playground;
		};
		D86EB0C52C50D9AB00B72CE0 /* PBXContainerItemProxy */ = {
			isa = PBXContainerItemProxy;
			containerPortal = D86EB0A22C50D9A900B72CE0 /* Project object */;
			proxyType = 1;
			remoteGlobalIDString = D86EB0A92C50D9A900B72CE0;
			remoteInfo = Playground;
		};
/* End PBXContainerItemProxy section */

/* Begin PBXFileReference section */
		D86EB0AA2C50D9A900B72CE0 /* Playground.app */ = {isa = PBXFileReference; explicitFileType = wrapper.application; includeInIndex = 0; path = Playground.app; sourceTree = BUILT_PRODUCTS_DIR; };
		D86EB0AD2C50D9A900B72CE0 /* PlaygroundApp.swift */ = {isa = PBXFileReference; lastKnownFileType = sourcecode.swift; path = PlaygroundApp.swift; sourceTree = "<group>"; };
		D86EB0AF2C50D9A900B72CE0 /* ContentView.swift */ = {isa = PBXFileReference; lastKnownFileType = sourcecode.swift; path = ContentView.swift; sourceTree = "<group>"; };
		D86EB0B12C50D9AB00B72CE0 /* Assets.xcassets */ = {isa = PBXFileReference; lastKnownFileType = folder.assetcatalog; path = Assets.xcassets; sourceTree = "<group>"; };
		D86EB0B42C50D9AB00B72CE0 /* Preview Assets.xcassets */ = {isa = PBXFileReference; lastKnownFileType = folder.assetcatalog; path = "Preview Assets.xcassets"; sourceTree = "<group>"; };
		D86EB0BA2C50D9AB00B72CE0 /* PlaygroundTests.xctest */ = {isa = PBXFileReference; explicitFileType = wrapper.cfbundle; includeInIndex = 0; path = PlaygroundTests.xctest; sourceTree = BUILT_PRODUCTS_DIR; };
		D86EB0BE2C50D9AB00B72CE0 /* PlaygroundTests.swift */ = {isa = PBXFileReference; lastKnownFileType = sourcecode.swift; path = PlaygroundTests.swift; sourceTree = "<group>"; };
		D86EB0C42C50D9AB00B72CE0 /* PlaygroundUITests.xctest */ = {isa = PBXFileReference; explicitFileType = wrapper.cfbundle; includeInIndex = 0; path = PlaygroundUITests.xctest; sourceTree = BUILT_PRODUCTS_DIR; };
		D86EB0C82C50D9AB00B72CE0 /* PlaygroundUITests.swift */ = {isa = PBXFileReference; lastKnownFileType = sourcecode.swift; path = PlaygroundUITests.swift; sourceTree = "<group>"; };
		D86EB0CA2C50D9AB00B72CE0 /* PlaygroundUITestsLaunchTests.swift */ = {isa = PBXFileReference; lastKnownFileType = sourcecode.swift; path = PlaygroundUITestsLaunchTests.swift; sourceTree = "<group>"; };
		D86EB0DA2C50E72D00B72CE0 /* ScrollViewDemo.swift */ = {isa = PBXFileReference; lastKnownFileType = sourcecode.swift; path = ScrollViewDemo.swift; sourceTree = "<group>"; };
		D86EB0DC2C50EB1800B72CE0 /* PhotosPickerDemo.swift */ = {isa = PBXFileReference; lastKnownFileType = sourcecode.swift; path = PhotosPickerDemo.swift; sourceTree = "<group>"; };
		D86EB0DE2C50FCCE00B72CE0 /* ScrollPositionDemo.swift */ = {isa = PBXFileReference; lastKnownFileType = sourcecode.swift; path = ScrollPositionDemo.swift; sourceTree = "<group>"; };
		D86EB0E02C50FE9800B72CE0 /* SectorMarkDemo.swift */ = {isa = PBXFileReference; lastKnownFileType = sourcecode.swift; path = SectorMarkDemo.swift; sourceTree = "<group>"; };
		D86EB0E22C51089100B72CE0 /* TabViewDemo.swift */ = {isa = PBXFileReference; lastKnownFileType = sourcecode.swift; path = TabViewDemo.swift; sourceTree = "<group>"; };
/* End PBXFileReference section */

/* Begin PBXFrameworksBuildPhase section */
		D86EB0A72C50D9A900B72CE0 /* Frameworks */ = {
			isa = PBXFrameworksBuildPhase;
			buildActionMask = 2147483647;
			files = (
				D86EB0D92C50D9E200B72CE0 /* SwiftUIX in Frameworks */,
			);
			runOnlyForDeploymentPostprocessing = 0;
		};
		D86EB0B72C50D9AB00B72CE0 /* Frameworks */ = {
			isa = PBXFrameworksBuildPhase;
			buildActionMask = 2147483647;
			files = (
			);
			runOnlyForDeploymentPostprocessing = 0;
		};
		D86EB0C12C50D9AB00B72CE0 /* Frameworks */ = {
			isa = PBXFrameworksBuildPhase;
			buildActionMask = 2147483647;
			files = (
			);
			runOnlyForDeploymentPostprocessing = 0;
		};
/* End PBXFrameworksBuildPhase section */

/* Begin PBXGroup section */
		D86EB0A12C50D9A900B72CE0 = {
			isa = PBXGroup;
			children = (
				D86EB0AC2C50D9A900B72CE0 /* Playground */,
				D86EB0BD2C50D9AB00B72CE0 /* PlaygroundTests */,
				D86EB0C72C50D9AB00B72CE0 /* PlaygroundUITests */,
				D86EB0AB2C50D9A900B72CE0 /* Products */,
			);
			sourceTree = "<group>";
		};
		D86EB0AB2C50D9A900B72CE0 /* Products */ = {
			isa = PBXGroup;
			children = (
				D86EB0AA2C50D9A900B72CE0 /* Playground.app */,
				D86EB0BA2C50D9AB00B72CE0 /* PlaygroundTests.xctest */,
				D86EB0C42C50D9AB00B72CE0 /* PlaygroundUITests.xctest */,
			);
			name = Products;
			sourceTree = "<group>";
		};
		D86EB0AC2C50D9A900B72CE0 /* Playground */ = {
			isa = PBXGroup;
			children = (
				D86EB0AD2C50D9A900B72CE0 /* PlaygroundApp.swift */,
				D86EB0AF2C50D9A900B72CE0 /* ContentView.swift */,
				D86EB0B12C50D9AB00B72CE0 /* Assets.xcassets */,
				D86EB0B32C50D9AB00B72CE0 /* Preview Content */,
				D86EB0DA2C50E72D00B72CE0 /* ScrollViewDemo.swift */,
				D86EB0DC2C50EB1800B72CE0 /* PhotosPickerDemo.swift */,
				D86EB0DE2C50FCCE00B72CE0 /* ScrollPositionDemo.swift */,
				D86EB0E02C50FE9800B72CE0 /* SectorMarkDemo.swift */,
				D86EB0E22C51089100B72CE0 /* TabViewDemo.swift */,
			);
			path = Playground;
			sourceTree = "<group>";
		};
		D86EB0B32C50D9AB00B72CE0 /* Preview Content */ = {
			isa = PBXGroup;
			children = (
				D86EB0B42C50D9AB00B72CE0 /* Preview Assets.xcassets */,
			);
			path = "Preview Content";
			sourceTree = "<group>";
		};
		D86EB0BD2C50D9AB00B72CE0 /* PlaygroundTests */ = {
			isa = PBXGroup;
			children = (
				D86EB0BE2C50D9AB00B72CE0 /* PlaygroundTests.swift */,
			);
			path = PlaygroundTests;
			sourceTree = "<group>";
		};
		D86EB0C72C50D9AB00B72CE0 /* PlaygroundUITests */ = {
			isa = PBXGroup;
			children = (
				D86EB0C82C50D9AB00B72CE0 /* PlaygroundUITests.swift */,
				D86EB0CA2C50D9AB00B72CE0 /* PlaygroundUITestsLaunchTests.swift */,
			);
			path = PlaygroundUITests;
			sourceTree = "<group>";
		};
/* End PBXGroup section */

/* Begin PBXNativeTarget section */
		D86EB0A92C50D9A900B72CE0 /* Playground */ = {
			isa = PBXNativeTarget;
			buildConfigurationList = D86EB0CE2C50D9AB00B72CE0 /* Build configuration list for PBXNativeTarget "Playground" */;
			buildPhases = (
				D86EB0A62C50D9A900B72CE0 /* Sources */,
				D86EB0A72C50D9A900B72CE0 /* Frameworks */,
				D86EB0A82C50D9A900B72CE0 /* Resources */,
			);
			buildRules = (
			);
			dependencies = (
			);
			name = Playground;
			packageProductDependencies = (
				D86EB0D82C50D9E200B72CE0 /* SwiftUIX */,
			);
			productName = Playground;
			productReference = D86EB0AA2C50D9A900B72CE0 /* Playground.app */;
			productType = "com.apple.product-type.application";
		};
		D86EB0B92C50D9AB00B72CE0 /* PlaygroundTests */ = {
			isa = PBXNativeTarget;
			buildConfigurationList = D86EB0D12C50D9AB00B72CE0 /* Build configuration list for PBXNativeTarget "PlaygroundTests" */;
			buildPhases = (
				D86EB0B62C50D9AB00B72CE0 /* Sources */,
				D86EB0B72C50D9AB00B72CE0 /* Frameworks */,
				D86EB0B82C50D9AB00B72CE0 /* Resources */,
			);
			buildRules = (
			);
			dependencies = (
				D86EB0BC2C50D9AB00B72CE0 /* PBXTargetDependency */,
			);
			name = PlaygroundTests;
			productName = PlaygroundTests;
			productReference = D86EB0BA2C50D9AB00B72CE0 /* PlaygroundTests.xctest */;
			productType = "com.apple.product-type.bundle.unit-test";
		};
		D86EB0C32C50D9AB00B72CE0 /* PlaygroundUITests */ = {
			isa = PBXNativeTarget;
			buildConfigurationList = D86EB0D42C50D9AB00B72CE0 /* Build configuration list for PBXNativeTarget "PlaygroundUITests" */;
			buildPhases = (
				D86EB0C02C50D9AB00B72CE0 /* Sources */,
				D86EB0C12C50D9AB00B72CE0 /* Frameworks */,
				D86EB0C22C50D9AB00B72CE0 /* Resources */,
			);
			buildRules = (
			);
			dependencies = (
				D86EB0C62C50D9AB00B72CE0 /* PBXTargetDependency */,
			);
			name = PlaygroundUITests;
			productName = PlaygroundUITests;
			productReference = D86EB0C42C50D9AB00B72CE0 /* PlaygroundUITests.xctest */;
			productType = "com.apple.product-type.bundle.ui-testing";
		};
/* End PBXNativeTarget section */

/* Begin PBXProject section */
		D86EB0A22C50D9A900B72CE0 /* Project object */ = {
			isa = PBXProject;
			attributes = {
				BuildIndependentTargetsInParallel = 1;
				LastSwiftUpdateCheck = 1540;
				LastUpgradeCheck = 1540;
				TargetAttributes = {
					D86EB0A92C50D9A900B72CE0 = {
						CreatedOnToolsVersion = 15.4;
					};
					D86EB0B92C50D9AB00B72CE0 = {
						CreatedOnToolsVersion = 15.4;
						TestTargetID = D86EB0A92C50D9A900B72CE0;
					};
					D86EB0C32C50D9AB00B72CE0 = {
						CreatedOnToolsVersion = 15.4;
						TestTargetID = D86EB0A92C50D9A900B72CE0;
					};
				};
			};
			buildConfigurationList = D86EB0A52C50D9A900B72CE0 /* Build configuration list for PBXProject "Playground" */;
			compatibilityVersion = "Xcode 14.0";
			developmentRegion = en;
			hasScannedForEncodings = 0;
			knownRegions = (
				en,
				Base,
			);
			mainGroup = D86EB0A12C50D9A900B72CE0;
			packageReferences = (
				D86EB0D72C50D9E200B72CE0 /* XCRemoteSwiftPackageReference "SwiftUIX" */,
			);
			productRefGroup = D86EB0AB2C50D9A900B72CE0 /* Products */;
			projectDirPath = "";
			projectRoot = "";
			targets = (
				D86EB0A92C50D9A900B72CE0 /* Playground */,
				D86EB0B92C50D9AB00B72CE0 /* PlaygroundTests */,
				D86EB0C32C50D9AB00B72CE0 /* PlaygroundUITests */,
			);
		};
/* End PBXProject section */

/* Begin PBXResourcesBuildPhase section */
		D86EB0A82C50D9A900B72CE0 /* Resources */ = {
			isa = PBXResourcesBuildPhase;
			buildActionMask = 2147483647;
			files = (
				D86EB0B52C50D9AB00B72CE0 /* Preview Assets.xcassets in Resources */,
				D86EB0B22C50D9AB00B72CE0 /* Assets.xcassets in Resources */,
			);
			runOnlyForDeploymentPostprocessing = 0;
		};
		D86EB0B82C50D9AB00B72CE0 /* Resources */ = {
			isa = PBXResourcesBuildPhase;
			buildActionMask = 2147483647;
			files = (
			);
			runOnlyForDeploymentPostprocessing = 0;
		};
		D86EB0C22C50D9AB00B72CE0 /* Resources */ = {
			isa = PBXResourcesBuildPhase;
			buildActionMask = 2147483647;
			files = (
			);
			runOnlyForDeploymentPostprocessing = 0;
		};
/* End PBXResourcesBuildPhase section */

/* Begin PBXSourcesBuildPhase section */
		D86EB0A62C50D9A900B72CE0 /* Sources */ = {
			isa = PBXSourcesBuildPhase;
			buildActionMask = 2147483647;
			files = (
				D86EB0DB2C50E72D00B72CE0 /* ScrollViewDemo.swift in Sources */,
				D86EB0DD2C50EB1800B72CE0 /* PhotosPickerDemo.swift in Sources */,
				D86EB0DF2C50FCCE00B72CE0 /* ScrollPositionDemo.swift in Sources */,
				D86EB0E12C50FE9800B72CE0 /* SectorMarkDemo.swift in Sources */,
				D86EB0B02C50D9A900B72CE0 /* ContentView.swift in Sources */,
				D86EB0AE2C50D9A900B72CE0 /* PlaygroundApp.swift in Sources */,
				D86EB0E32C51089100B72CE0 /* TabViewDemo.swift in Sources */,
			);
			runOnlyForDeploymentPostprocessing = 0;
		};
		D86EB0B62C50D9AB00B72CE0 /* Sources */ = {
			isa = PBXSourcesBuildPhase;
			buildActionMask = 2147483647;
			files = (
				D86EB0BF2C50D9AB00B72CE0 /* PlaygroundTests.swift in Sources */,
			);
			runOnlyForDeploymentPostprocessing = 0;
		};
		D86EB0C02C50D9AB00B72CE0 /* Sources */ = {
			isa = PBXSourcesBuildPhase;
			buildActionMask = 2147483647;
			files = (
				D86EB0C92C50D9AB00B72CE0 /* PlaygroundUITests.swift in Sources */,
				D86EB0CB2C50D9AB00B72CE0 /* PlaygroundUITestsLaunchTests.swift in Sources */,
			);
			runOnlyForDeploymentPostprocessing = 0;
		};
/* End PBXSourcesBuildPhase section */

/* Begin PBXTargetDependency section */
		D86EB0BC2C50D9AB00B72CE0 /* PBXTargetDependency */ = {
			isa = PBXTargetDependency;
			target = D86EB0A92C50D9A900B72CE0 /* Playground */;
			targetProxy = D86EB0BB2C50D9AB00B72CE0 /* PBXContainerItemProxy */;
		};
		D86EB0C62C50D9AB00B72CE0 /* PBXTargetDependency */ = {
			isa = PBXTargetDependency;
			target = D86EB0A92C50D9A900B72CE0 /* Playground */;
			targetProxy = D86EB0C52C50D9AB00B72CE0 /* PBXContainerItemProxy */;
		};
/* End PBXTargetDependency section */

/* Begin XCBuildConfiguration section */
		D86EB0CC2C50D9AB00B72CE0 /* Debug */ = {
			isa = XCBuildConfiguration;
			buildSettings = {
				ALWAYS_SEARCH_USER_PATHS = NO;
				ASSETCATALOG_COMPILER_GENERATE_SWIFT_ASSET_SYMBOL_EXTENSIONS = YES;
				CLANG_ANALYZER_NONNULL = YES;
				CLANG_ANALYZER_NUMBER_OBJECT_CONVERSION = YES_AGGRESSIVE;
				CLANG_CXX_LANGUAGE_STANDARD = "gnu++20";
				CLANG_ENABLE_MODULES = YES;
				CLANG_ENABLE_OBJC_ARC = YES;
				CLANG_ENABLE_OBJC_WEAK = YES;
				CLANG_WARN_BLOCK_CAPTURE_AUTORELEASING = YES;
				CLANG_WARN_BOOL_CONVERSION = YES;
				CLANG_WARN_COMMA = YES;
				CLANG_WARN_CONSTANT_CONVERSION = YES;
				CLANG_WARN_DEPRECATED_OBJC_IMPLEMENTATIONS = YES;
				CLANG_WARN_DIRECT_OBJC_ISA_USAGE = YES_ERROR;
				CLANG_WARN_DOCUMENTATION_COMMENTS = YES;
				CLANG_WARN_EMPTY_BODY = YES;
				CLANG_WARN_ENUM_CONVERSION = YES;
				CLANG_WARN_INFINITE_RECURSION = YES;
				CLANG_WARN_INT_CONVERSION = YES;
				CLANG_WARN_NON_LITERAL_NULL_CONVERSION = YES;
				CLANG_WARN_OBJC_IMPLICIT_RETAIN_SELF = YES;
				CLANG_WARN_OBJC_LITERAL_CONVERSION = YES;
				CLANG_WARN_OBJC_ROOT_CLASS = YES_ERROR;
				CLANG_WARN_QUOTED_INCLUDE_IN_FRAMEWORK_HEADER = YES;
				CLANG_WARN_RANGE_LOOP_ANALYSIS = YES;
				CLANG_WARN_STRICT_PROTOTYPES = YES;
				CLANG_WARN_SUSPICIOUS_MOVE = YES;
				CLANG_WARN_UNGUARDED_AVAILABILITY = YES_AGGRESSIVE;
				CLANG_WARN_UNREACHABLE_CODE = YES;
				CLANG_WARN__DUPLICATE_METHOD_MATCH = YES;
				COPY_PHASE_STRIP = NO;
				DEBUG_INFORMATION_FORMAT = dwarf;
				ENABLE_STRICT_OBJC_MSGSEND = YES;
				ENABLE_TESTABILITY = YES;
				ENABLE_USER_SCRIPT_SANDBOXING = YES;
				GCC_C_LANGUAGE_STANDARD = gnu17;
				GCC_DYNAMIC_NO_PIC = NO;
				GCC_NO_COMMON_BLOCKS = YES;
				GCC_OPTIMIZATION_LEVEL = 0;
				GCC_PREPROCESSOR_DEFINITIONS = (
					"DEBUG=1",
					"$(inherited)",
				);
				GCC_WARN_64_TO_32_BIT_CONVERSION = YES;
				GCC_WARN_ABOUT_RETURN_TYPE = YES_ERROR;
				GCC_WARN_UNDECLARED_SELECTOR = YES;
				GCC_WARN_UNINITIALIZED_AUTOS = YES_AGGRESSIVE;
				GCC_WARN_UNUSED_FUNCTION = YES;
				GCC_WARN_UNUSED_VARIABLE = YES;
				IPHONEOS_DEPLOYMENT_TARGET = 17.5;
				LOCALIZATION_PREFERS_STRING_CATALOGS = YES;
				MTL_ENABLE_DEBUG_INFO = INCLUDE_SOURCE;
				MTL_FAST_MATH = YES;
				ONLY_ACTIVE_ARCH = YES;
				SDKROOT = iphoneos;
				SWIFT_ACTIVE_COMPILATION_CONDITIONS = "DEBUG $(inherited)";
				SWIFT_OPTIMIZATION_LEVEL = "-Onone";
			};
			name = Debug;
		};
		D86EB0CD2C50D9AB00B72CE0 /* Release */ = {
			isa = XCBuildConfiguration;
			buildSettings = {
				ALWAYS_SEARCH_USER_PATHS = NO;
				ASSETCATALOG_COMPILER_GENERATE_SWIFT_ASSET_SYMBOL_EXTENSIONS = YES;
				CLANG_ANALYZER_NONNULL = YES;
				CLANG_ANALYZER_NUMBER_OBJECT_CONVERSION = YES_AGGRESSIVE;
				CLANG_CXX_LANGUAGE_STANDARD = "gnu++20";
				CLANG_ENABLE_MODULES = YES;
				CLANG_ENABLE_OBJC_ARC = YES;
				CLANG_ENABLE_OBJC_WEAK = YES;
				CLANG_WARN_BLOCK_CAPTURE_AUTORELEASING = YES;
				CLANG_WARN_BOOL_CONVERSION = YES;
				CLANG_WARN_COMMA = YES;
				CLANG_WARN_CONSTANT_CONVERSION = YES;
				CLANG_WARN_DEPRECATED_OBJC_IMPLEMENTATIONS = YES;
				CLANG_WARN_DIRECT_OBJC_ISA_USAGE = YES_ERROR;
				CLANG_WARN_DOCUMENTATION_COMMENTS = YES;
				CLANG_WARN_EMPTY_BODY = YES;
				CLANG_WARN_ENUM_CONVERSION = YES;
				CLANG_WARN_INFINITE_RECURSION = YES;
				CLANG_WARN_INT_CONVERSION = YES;
				CLANG_WARN_NON_LITERAL_NULL_CONVERSION = YES;
				CLANG_WARN_OBJC_IMPLICIT_RETAIN_SELF = YES;
				CLANG_WARN_OBJC_LITERAL_CONVERSION = YES;
				CLANG_WARN_OBJC_ROOT_CLASS = YES_ERROR;
				CLANG_WARN_QUOTED_INCLUDE_IN_FRAMEWORK_HEADER = YES;
				CLANG_WARN_RANGE_LOOP_ANALYSIS = YES;
				CLANG_WARN_STRICT_PROTOTYPES = YES;
				CLANG_WARN_SUSPICIOUS_MOVE = YES;
				CLANG_WARN_UNGUARDED_AVAILABILITY = YES_AGGRESSIVE;
				CLANG_WARN_UNREACHABLE_CODE = YES;
				CLANG_WARN__DUPLICATE_METHOD_MATCH = YES;
				COPY_PHASE_STRIP = NO;
				DEBUG_INFORMATION_FORMAT = "dwarf-with-dsym";
				ENABLE_NS_ASSERTIONS = NO;
				ENABLE_STRICT_OBJC_MSGSEND = YES;
				ENABLE_USER_SCRIPT_SANDBOXING = YES;
				GCC_C_LANGUAGE_STANDARD = gnu17;
				GCC_NO_COMMON_BLOCKS = YES;
				GCC_WARN_64_TO_32_BIT_CONVERSION = YES;
				GCC_WARN_ABOUT_RETURN_TYPE = YES_ERROR;
				GCC_WARN_UNDECLARED_SELECTOR = YES;
				GCC_WARN_UNINITIALIZED_AUTOS = YES_AGGRESSIVE;
				GCC_WARN_UNUSED_FUNCTION = YES;
				GCC_WARN_UNUSED_VARIABLE = YES;
				IPHONEOS_DEPLOYMENT_TARGET = 17.5;
				LOCALIZATION_PREFERS_STRING_CATALOGS = YES;
				MTL_ENABLE_DEBUG_INFO = NO;
				MTL_FAST_MATH = YES;
				SDKROOT = iphoneos;
				SWIFT_COMPILATION_MODE = wholemodule;
				VALIDATE_PRODUCT = YES;
			};
			name = Release;
		};
		D86EB0CF2C50D9AB00B72CE0 /* Debug */ = {
			isa = XCBuildConfiguration;
			buildSettings = {
				ASSETCATALOG_COMPILER_APPICON_NAME = AppIcon;
				ASSETCATALOG_COMPILER_GLOBAL_ACCENT_COLOR_NAME = AccentColor;
				CODE_SIGN_STYLE = Automatic;
				CURRENT_PROJECT_VERSION = 1;
				DEVELOPMENT_ASSET_PATHS = "\"Playground/Preview Content\"";
				DEVELOPMENT_TEAM = Q5JKNZMP5R;
				ENABLE_PREVIEWS = YES;
				GENERATE_INFOPLIST_FILE = YES;
				INFOPLIST_KEY_UIApplicationSceneManifest_Generation = YES;
				INFOPLIST_KEY_UIApplicationSupportsIndirectInputEvents = YES;
				INFOPLIST_KEY_UILaunchScreen_Generation = YES;
				INFOPLIST_KEY_UISupportedInterfaceOrientations_iPad = "UIInterfaceOrientationPortrait UIInterfaceOrientationPortraitUpsideDown UIInterfaceOrientationLandscapeLeft UIInterfaceOrientationLandscapeRight";
				INFOPLIST_KEY_UISupportedInterfaceOrientations_iPhone = "UIInterfaceOrientationPortrait UIInterfaceOrientationLandscapeLeft UIInterfaceOrientationLandscapeRight";
				LD_RUNPATH_SEARCH_PATHS = (
					"$(inherited)",
					"@executable_path/Frameworks",
				);
				MARKETING_VERSION = 1.0;
				PRODUCT_BUNDLE_IDENTIFIER = com.roc.Playground;
				PRODUCT_NAME = "$(TARGET_NAME)";
				SWIFT_EMIT_LOC_STRINGS = YES;
				SWIFT_VERSION = 5.0;
				TARGETED_DEVICE_FAMILY = "1,2";
			};
			name = Debug;
		};
		D86EB0D02C50D9AB00B72CE0 /* Release */ = {
			isa = XCBuildConfiguration;
			buildSettings = {
				ASSETCATALOG_COMPILER_APPICON_NAME = AppIcon;
				ASSETCATALOG_COMPILER_GLOBAL_ACCENT_COLOR_NAME = AccentColor;
				CODE_SIGN_STYLE = Automatic;
				CURRENT_PROJECT_VERSION = 1;
				DEVELOPMENT_ASSET_PATHS = "\"Playground/Preview Content\"";
				DEVELOPMENT_TEAM = Q5JKNZMP5R;
				ENABLE_PREVIEWS = YES;
				GENERATE_INFOPLIST_FILE = YES;
				INFOPLIST_KEY_UIApplicationSceneManifest_Generation = YES;
				INFOPLIST_KEY_UIApplicationSupportsIndirectInputEvents = YES;
				INFOPLIST_KEY_UILaunchScreen_Generation = YES;
				INFOPLIST_KEY_UISupportedInterfaceOrientations_iPad = "UIInterfaceOrientationPortrait UIInterfaceOrientationPortraitUpsideDown UIInterfaceOrientationLandscapeLeft UIInterfaceOrientationLandscapeRight";
				INFOPLIST_KEY_UISupportedInterfaceOrientations_iPhone = "UIInterfaceOrientationPortrait UIInterfaceOrientationLandscapeLeft UIInterfaceOrientationLandscapeRight";
				LD_RUNPATH_SEARCH_PATHS = (
					"$(inherited)",
					"@executable_path/Frameworks",
				);
				MARKETING_VERSION = 1.0;
				PRODUCT_BUNDLE_IDENTIFIER = com.roc.Playground;
				PRODUCT_NAME = "$(TARGET_NAME)";
				SWIFT_EMIT_LOC_STRINGS = YES;
				SWIFT_VERSION = 5.0;
				TARGETED_DEVICE_FAMILY = "1,2";
			};
			name = Release;
		};
		D86EB0D22C50D9AB00B72CE0 /* Debug */ = {
			isa = XCBuildConfiguration;
			buildSettings = {
				ALWAYS_EMBED_SWIFT_STANDARD_LIBRARIES = YES;
				BUNDLE_LOADER = "$(TEST_HOST)";
				CODE_SIGN_STYLE = Automatic;
				CURRENT_PROJECT_VERSION = 1;
				DEVELOPMENT_TEAM = Q5JKNZMP5R;
				GENERATE_INFOPLIST_FILE = YES;
				IPHONEOS_DEPLOYMENT_TARGET = 17.5;
				MARKETING_VERSION = 1.0;
				PRODUCT_BUNDLE_IDENTIFIER = com.roc.PlaygroundTests;
				PRODUCT_NAME = "$(TARGET_NAME)";
				SWIFT_EMIT_LOC_STRINGS = NO;
				SWIFT_VERSION = 5.0;
				TARGETED_DEVICE_FAMILY = "1,2";
				TEST_HOST = "$(BUILT_PRODUCTS_DIR)/Playground.app/$(BUNDLE_EXECUTABLE_FOLDER_PATH)/Playground";
			};
			name = Debug;
		};
		D86EB0D32C50D9AB00B72CE0 /* Release */ = {
			isa = XCBuildConfiguration;
			buildSettings = {
				ALWAYS_EMBED_SWIFT_STANDARD_LIBRARIES = YES;
				BUNDLE_LOADER = "$(TEST_HOST)";
				CODE_SIGN_STYLE = Automatic;
				CURRENT_PROJECT_VERSION = 1;
				DEVELOPMENT_TEAM = Q5JKNZMP5R;
				GENERATE_INFOPLIST_FILE = YES;
				IPHONEOS_DEPLOYMENT_TARGET = 17.5;
				MARKETING_VERSION = 1.0;
				PRODUCT_BUNDLE_IDENTIFIER = com.roc.PlaygroundTests;
				PRODUCT_NAME = "$(TARGET_NAME)";
				SWIFT_EMIT_LOC_STRINGS = NO;
				SWIFT_VERSION = 5.0;
				TARGETED_DEVICE_FAMILY = "1,2";
				TEST_HOST = "$(BUILT_PRODUCTS_DIR)/Playground.app/$(BUNDLE_EXECUTABLE_FOLDER_PATH)/Playground";
			};
			name = Release;
		};
		D86EB0D52C50D9AB00B72CE0 /* Debug */ = {
			isa = XCBuildConfiguration;
			buildSettings = {
				ALWAYS_EMBED_SWIFT_STANDARD_LIBRARIES = YES;
				CODE_SIGN_STYLE = Automatic;
				CURRENT_PROJECT_VERSION = 1;
				DEVELOPMENT_TEAM = Q5JKNZMP5R;
				GENERATE_INFOPLIST_FILE = YES;
				MARKETING_VERSION = 1.0;
				PRODUCT_BUNDLE_IDENTIFIER = com.roc.PlaygroundUITests;
				PRODUCT_NAME = "$(TARGET_NAME)";
				SWIFT_EMIT_LOC_STRINGS = NO;
				SWIFT_VERSION = 5.0;
				TARGETED_DEVICE_FAMILY = "1,2";
				TEST_TARGET_NAME = Playground;
			};
			name = Debug;
		};
		D86EB0D62C50D9AB00B72CE0 /* Release */ = {
			isa = XCBuildConfiguration;
			buildSettings = {
				ALWAYS_EMBED_SWIFT_STANDARD_LIBRARIES = YES;
				CODE_SIGN_STYLE = Automatic;
				CURRENT_PROJECT_VERSION = 1;
				DEVELOPMENT_TEAM = Q5JKNZMP5R;
				GENERATE_INFOPLIST_FILE = YES;
				MARKETING_VERSION = 1.0;
				PRODUCT_BUNDLE_IDENTIFIER = com.roc.PlaygroundUITests;
				PRODUCT_NAME = "$(TARGET_NAME)";
				SWIFT_EMIT_LOC_STRINGS = NO;
				SWIFT_VERSION = 5.0;
				TARGETED_DEVICE_FAMILY = "1,2";
				TEST_TARGET_NAME = Playground;
			};
			name = Release;
		};
/* End XCBuildConfiguration section */

/* Begin XCConfigurationList section */
		D86EB0A52C50D9A900B72CE0 /* Build configuration list for PBXProject "Playground" */ = {
			isa = XCConfigurationList;
			buildConfigurations = (
				D86EB0CC2C50D9AB00B72CE0 /* Debug */,
				D86EB0CD2C50D9AB00B72CE0 /* Release */,
			);
			defaultConfigurationIsVisible = 0;
			defaultConfigurationName = Release;
		};
		D86EB0CE2C50D9AB00B72CE0 /* Build configuration list for PBXNativeTarget "Playground" */ = {
			isa = XCConfigurationList;
			buildConfigurations = (
				D86EB0CF2C50D9AB00B72CE0 /* Debug */,
				D86EB0D02C50D9AB00B72CE0 /* Release */,
			);
			defaultConfigurationIsVisible = 0;
			defaultConfigurationName = Release;
		};
		D86EB0D12C50D9AB00B72CE0 /* Build configuration list for PBXNativeTarget "PlaygroundTests" */ = {
			isa = XCConfigurationList;
			buildConfigurations = (
				D86EB0D22C50D9AB00B72CE0 /* Debug */,
				D86EB0D32C50D9AB00B72CE0 /* Release */,
			);
			defaultConfigurationIsVisible = 0;
			defaultConfigurationName = Release;
		};
		D86EB0D42C50D9AB00B72CE0 /* Build configuration list for PBXNativeTarget "PlaygroundUITests" */ = {
			isa = XCConfigurationList;
			buildConfigurations = (
				D86EB0D52C50D9AB00B72CE0 /* Debug */,
				D86EB0D62C50D9AB00B72CE0 /* Release */,
			);
			defaultConfigurationIsVisible = 0;
			defaultConfigurationName = Release;
		};
/* End XCConfigurationList section */

/* Begin XCRemoteSwiftPackageReference section */
		D86EB0D72C50D9E200B72CE0 /* XCRemoteSwiftPackageReference "SwiftUIX" */ = {
			isa = XCRemoteSwiftPackageReference;
			repositoryURL = "https://github.com/SwiftUIX/SwiftUIX";
			requirement = {
				branch = master;
				kind = branch;
			};
		};
/* End XCRemoteSwiftPackageReference section */

/* Begin XCSwiftPackageProductDependency section */
		D86EB0D82C50D9E200B72CE0 /* SwiftUIX */ = {
			isa = XCSwiftPackageProductDependency;
			package = D86EB0D72C50D9E200B72CE0 /* XCRemoteSwiftPackageReference "SwiftUIX" */;
			productName = SwiftUIX;
		};
/* End XCSwiftPackageProductDependency section */
	};
	rootObject = D86EB0A22C50D9A900B72CE0 /* Project object */;
}
